
Microsoft Visual Studio Solution File, Format Version 12.00
# Visual Studio Version 17
VisualStudioVersion = 17.5.2.0
MinimumVisualStudioVersion = 10.0.40219.1
Project("{FAE04EC0-301F-11D3-BF4B-00C04F79EFBC}") = "ConsoleApp1", "ConsoleApp1.csproj", "{7B5B0BC2-7E08-E58C-6436-F53A2B87BA1D}"
EndProject
Project("{FAE04EC0-301F-11D3-BF4B-00C04F79EFBC}") = "ConsoleApp2", "ConsoleApp2\ConsoleApp2.csproj", "{4FA04F3C-C61F-4895-B118-6BF600A0260B}"
EndProject
Global
	GlobalSection(SolutionConfigurationPlatforms) = preSolution
		Debug|Any CPU = Debug|Any CPU
		Debug|x64 = Debug|x64
		Debug|x86 = Debug|x86
		Release|Any CPU = Release|Any CPU
		Release|x64 = Release|x64
		Release|x86 = Release|x86
	EndGlobalSection
	GlobalSection(ProjectConfigurationPlatforms) = postSolution
		{7B5B0BC2-7E08-E58C-6436-F53A2B87BA1D}.Debug|Any CPU.ActiveCfg = Debug|Any CPU
		{7B5B0BC2-7E08-E58C-6436-F53A2B87BA1D}.Debug|Any CPU.Build.0 = Debug|Any CPU
		{7B5B0BC2-7E08-E58C-6436-F53A2B87BA1D}.Debug|x64.ActiveCfg = Debug|Any CPU
		{7B5B0BC2-7E08-E58C-6436-F53A2B87BA1D}.Debug|x64.Build.0 = Debug|Any CPU
		{7B5B0BC2-7E08-E58C-6436-F53A2B87BA1D}.Debug|x86.ActiveCfg = Debug|Any CPU
		{7B5B0BC2-7E08-E58C-6436-F53A2B87BA1D}.Debug|x86.Build.0 = Debug|Any CPU
		{7B5B0BC2-7E08-E58C-6436-F53A2B87BA1D}.Release|Any CPU.ActiveCfg = Release|Any CPU
		{7B5B0BC2-7E08-E58C-6436-F53A2B87BA1D}.Release|Any CPU.Build.0 = Release|Any CPU
		{7B5B0BC2-7E08-E58C-6436-F53A2B87BA1D}.Release|x64.ActiveCfg = Release|Any CPU
		{7B5B0BC2-7E08-E58C-6436-F53A2B87BA1D}.Release|x64.Build.0 = Release|Any CPU
		{7B5B0BC2-7E08-E58C-6436-F53A2B87BA1D}.Release|x86.ActiveCfg = Release|Any CPU
		{7B5B0BC2-7E08-E58C-6436-F53A2B87BA1D}.Release|x86.Build.0 = Release|Any CPU
		{4FA04F3C-C61F-4895-B118-6BF600A0260B}.Debug|Any CPU.ActiveCfg = Debug|Any CPU
		{4FA04F3C-C61F-4895-B118-6BF600A0260B}.Debug|Any CPU.Build.0 = Debug|Any CPU
		{4FA04F3C-C61F-4895-B118-6BF600A0260B}.Debug|x64.ActiveCfg = Debug|Any CPU
		{4FA04F3C-C61F-4895-B118-6BF600A0260B}.Debug|x64.Build.0 = Debug|Any CPU
		{4FA04F3C-C61F-4895-B118-6BF600A0260B}.Debug|x86.ActiveCfg = Debug|Any CPU
		{4FA04F3C-C61F-4895-B118-6BF600A0260B}.Debug|x86.Build.0 = Debug|Any CPU
		{4FA04F3C-C61F-4895-B118-6BF600A0260B}.Release|Any CPU.ActiveCfg = Release|Any CPU
		{4FA04F3C-C61F-4895-B118-6BF600A0260B}.Release|Any CPU.Build.0 = Release|Any CPU
		{4FA04F3C-C61F-4895-B118-6BF600A0260B}.Release|x64.ActiveCfg = Release|Any CPU
		{4FA04F3C-C61F-4895-B118-6BF600A0260B}.Release|x64.Build.0 = Release|Any CPU
		{4FA04F3C-C61F-4895-B118-6BF600A0260B}.Release|x86.ActiveCfg = Release|Any CPU
		{4FA04F3C-C61F-4895-B118-6BF600A0260B}.Release|x86.Build.0 = Release|Any CPU
	EndGlobalSection
	GlobalSection(SolutionProperties) = preSolution
		HideSolutionNode = FALSE
	EndGlobalSection
	GlobalSection(ExtensibilityGlobals) = postSolution
		SolutionGuid = {1CACE987-90F3-47EE-B7FB-62CCC3099D96}
	EndGlobalSection
EndGlobal
